PODS:
  - Alamofire (4.5.1)
  - Bravo (1.1.0):
    - Alamofire (~> 4.0)
    - RCModel (~> 1.0)
    - Socket.IO-Client-Swift (~> 10.0.0)
    - SwiftKeychainWrapper (~> 3.0)
  - HHSDK (1.0.0):
    - Bravo
  - RCModel (1.0.2)
  - Socket.IO-Client-Swift (10.0.1)
  - SwiftKeychainWrapper (3.0.1)

DEPENDENCIES:
  - Bravo (from `../`)
  - HHSDK (from `../`)

EXTERNAL SOURCES:
  Bravo:
    :path: ../
  HHSDK:
    :path: ../

SPEC CHECKSUMS:
  Alamofire: 2d95912bf4c34f164fdfc335872e8c312acaea4a
  Bravo: 8d855359bba196dab85ecb1357761f5b57788a7e
  HHSDK: 98edfc23b1149da8c324089b7337c863543c2a9c
  RCModel: 032c619e790a76a9f958ab77ff9a86afa7eb3418
  Socket.IO-Client-Swift: f6553633ba6a01df8f1c8b583ec36560901e9de6
  SwiftKeychainWrapper: 38952a3636320ae61bad3513cadd870929de7a4a

PODFILE CHECKSUM: a4c603ea568601288ef3dd99514a1539c1aeb94f

COCOAPODS: 1.3.1
